// !$*UTF8*$!
{
	archiveVersion = 1;
	classes = {
	};
	objectVersion = 56;
	objects = {

/* Begin PBXBuildFile section */
		1B02FBE7AB6D0C4A58F4EA50 /* Pods_SNASA.framework in Frameworks */ = {isa = PBXBuildFile; fileRef = 7D7F0EDF9E16ECB0714A9C0F /* Pods_SNASA.framework */; };
		FAAEB1F42A5978F200882445 /* AppDelegate.swift in Sources */ = {isa = PBXBuildFile; fileRef = FAAEB1F32A5978F200882445 /* AppDelegate.swift */; };
		FAAEB1F62A5978F200882445 /* SceneDelegate.swift in Sources */ = {isa = PBXBuildFile; fileRef = FAAEB1F52A5978F200882445 /* SceneDelegate.swift */; };
		FAAEB1F82A5978F200882445 /* ViewController.swift in Sources */ = {isa = PBXBuildFile; fileRef = FAAEB1F72A5978F200882445 /* ViewController.swift */; };
		FAAEB1FB2A5978F200882445 /* Main.storyboard in Resources */ = {isa = PBXBuildFile; fileRef = FAAEB1F92A5978F200882445 /* Main.storyboard */; };
		FAAEB1FD2A5978F300882445 /* Assets.xcassets in Resources */ = {isa = PBXBuildFile; fileRef = FAAEB1FC2A5978F300882445 /* Assets.xcassets */; };
		FAAEB2002A5978F300882445 /* LaunchScreen.storyboard in Resources */ = {isa = PBXBuildFile; fileRef = FAAEB1FE2A5978F300882445 /* LaunchScreen.storyboard */; };
/* End PBXBuildFile section */

/* Begin PBXFileReference section */
		5753A145351DC37173FDEDF3 /* Pods-SNASA.debug.xcconfig */ = {isa = PBXFileReference; includeInIndex = 1; lastKnownFileType = text.xcconfig; name = "Pods-SNASA.debug.xcconfig"; path = "Target Support Files/Pods-SNASA/Pods-SNASA.debug.xcconfig"; sourceTree = "<group>"; };
		7D7F0EDF9E16ECB0714A9C0F /* Pods_SNASA.framework */ = {isa = PBXFileReference; explicitFileType = wrapper.framework; includeInIndex = 0; path = Pods_SNASA.framework; sourceTree = BUILT_PRODUCTS_DIR; };
		CDE9BC681BD53FDF8B306378 /* Pods-SNASA.release.xcconfig */ = {isa = PBXFileReference; includeInIndex = 1; lastKnownFileType = text.xcconfig; name = "Pods-SNASA.release.xcconfig"; path = "Target Support Files/Pods-SNASA/Pods-SNASA.release.xcconfig"; sourceTree = "<group>"; };
		FAAEB1F02A5978F200882445 /* SNASA.app */ = {isa = PBXFileReference; explicitFileType = wrapper.application; includeInIndex = 0; path = SNASA.app; sourceTree = BUILT_PRODUCTS_DIR; };
		FAAEB1F32A5978F200882445 /* AppDelegate.swift */ = {isa = PBXFileReference; lastKnownFileType = sourcecode.swift; path = AppDelegate.swift; sourceTree = "<group>"; };
		FAAEB1F52A5978F200882445 /* SceneDelegate.swift */ = {isa = PBXFileReference; lastKnownFileType = sourcecode.swift; path = SceneDelegate.swift; sourceTree = "<group>"; };
		FAAEB1F72A5978F200882445 /* ViewController.swift */ = {isa = PBXFileReference; lastKnownFileType = sourcecode.swift; path = ViewController.swift; sourceTree = "<group>"; };
		FAAEB1FA2A5978F200882445 /* Base */ = {isa = PBXFileReference; lastKnownFileType = file.storyboard; name = Base; path = Base.lproj/Main.storyboard; sourceTree = "<group>"; };
		FAAEB1FC2A5978F300882445 /* Assets.xcassets */ = {isa = PBXFileReference; lastKnownFileType = folder.assetcatalog; path = Assets.xcassets; sourceTree = "<group>"; };
		FAAEB1FF2A5978F300882445 /* Base */ = {isa = PBXFileReference; lastKnownFileType = file.storyboard; name = Base; path = Base.lproj/LaunchScreen.storyboard; sourceTree = "<group>"; };
		FAAEB2012A5978F300882445 /* Info.plist */ = {isa = PBXFileReference; lastKnownFileType = text.plist.xml; path = Info.plist; sourceTree = "<group>"; };
/* End PBXFileReference section */

/* Begin PBXFrameworksBuildPhase section */
		FAAEB1ED2A5978F200882445 /* Frameworks */ = {
			isa = PBXFrameworksBuildPhase;
			buildActionMask = 2147483647;
			files = (
				1B02FBE7AB6D0C4A58F4EA50 /* Pods_SNASA.framework in Frameworks */,
			);
			runOnlyForDeploymentPostprocessing = 0;
		};
/* End PBXFrameworksBuildPhase section */

/* Begin PBXGroup section */
		345E2780B16594390559FEE2 /* Frameworks */ = {
			isa = PBXGroup;
			children = (
				7D7F0EDF9E16ECB0714A9C0F /* Pods_SNASA.framework */,
			);
			name = Frameworks;
			sourceTree = "<group>";
		};
		8B5062B8CD33FE13CE64C5B6 /* Pods */ = {
			isa = PBXGroup;
			children = (
				5753A145351DC37173FDEDF3 /* Pods-SNASA.debug.xcconfig */,
				CDE9BC681BD53FDF8B306378 /* Pods-SNASA.release.xcconfig */,
			);
			name = Pods;
			path = Pods;
			sourceTree = "<group>";
		};
		FAAEB1E72A5978F100882445 = {
			isa = PBXGroup;
			children = (
				FAAEB1F22A5978F200882445 /* SNASA */,
				FAAEB1F12A5978F200882445 /* Products */,
				8B5062B8CD33FE13CE64C5B6 /* Pods */,
				345E2780B16594390559FEE2 /* Frameworks */,
			);
			sourceTree = "<group>";
		};
		FAAEB1F12A5978F200882445 /* Products */ = {
			isa = PBXGroup;
			children = (
				FAAEB1F02A5978F200882445 /* SNASA.app */,
			);
			name = Products;
			sourceTree = "<group>";
		};
		FAAEB1F22A5978F200882445 /* SNASA */ = {
			isa = PBXGroup;
			children = (
				FAAEB1F32A5978F200882445 /* AppDelegate.swift */,
				FAAEB1F52A5978F200882445 /* SceneDelegate.swift */,
				FAAEB1F72A5978F200882445 /* ViewController.swift */,
				FAAEB1F92A5978F200882445 /* Main.storyboard */,
				FAAEB1FC2A5978F300882445 /* Assets.xcassets */,
				FAAEB1FE2A5978F300882445 /* LaunchScreen.storyboard */,
				FAAEB2012A5978F300882445 /* Info.plist */,
			);
			path = SNASA;
			sourceTree = "<group>";
		};
/* End PBXGroup section */

/* Begin PBXNativeTarget section */
		FAAEB1EF2A5978F200882445 /* SNASA */ = {
			isa = PBXNativeTarget;
			buildConfigurationList = FAAEB2042A5978F300882445 /* Build configuration list for PBXNativeTarget "SNASA" */;
			buildPhases = (
				CE82866443DE7A16CA7BBC7E /* [CP] Check Pods Manifest.lock */,
				FAAEB1EC2A5978F200882445 /* Sources */,
				FAAEB1ED2A5978F200882445 /* Frameworks */,
				FAAEB1EE2A5978F200882445 /* Resources */,
				17E543A9A5E596E42CC03601 /* [CP] Embed Pods Frameworks */,
			);
			buildRules = (
			);
			dependencies = (
			);
			name = SNASA;
			productName = SNASA;
			productReference = FAAEB1F02A5978F200882445 /* SNASA.app */;
			productType = "com.apple.product-type.application";
		};
/* End PBXNativeTarget section */

/* Begin PBXProject section */
		FAAEB1E82A5978F200882445 /* Project object */ = {
			isa = PBXProject;
			attributes = {
				BuildIndependentTargetsInParallel = 1;
				LastSwiftUpdateCheck = 1430;
				LastUpgradeCheck = 1430;
				TargetAttributes = {
					FAAEB1EF2A5978F200882445 = {
						CreatedOnToolsVersion = 14.3;
					};
				};
			};
			buildConfigurationList = FAAEB1EB2A5978F200882445 /* Build configuration list for PBXProject "SNASA" */;
			compatibilityVersion = "Xcode 14.0";
			developmentRegion = en;
			hasScannedForEncodings = 0;
			knownRegions = (
				en,
				Base,
			);
			mainGroup = FAAEB1E72A5978F100882445;
			productRefGroup = FAAEB1F12A5978F200882445 /* Products */;
			projectDirPath = "";
			projectRoot = "";
			targets = (
				FAAEB1EF2A5978F200882445 /* SNASA */,
			);
		};
/* End PBXProject section */

/* Begin PBXResourcesBuildPhase section */
		FAAEB1EE2A5978F200882445 /* Resources */ = {
			isa = PBXResourcesBuildPhase;
			buildActionMask = 2147483647;
			files = (
				FAAEB2002A5978F300882445 /* LaunchScreen.storyboard in Resources */,
				FAAEB1FD2A5978F300882445 /* Assets.xcassets in Resources */,
				FAAEB1FB2A5978F200882445 /* Main.storyboard in Resources */,
			);
			runOnlyForDeploymentPostprocessing = 0;
		};
/* End PBXResourcesBuildPhase section */

/* Begin PBXShellScriptBuildPhase section */
		17E543A9A5E596E42CC03601 /* [CP] Embed Pods Frameworks */ = {
			isa = PBXShellScriptBuildPhase;
			buildActionMask = 2147483647;
			files = (
			);
			inputFileListPaths = (
				"${PODS_ROOT}/Target Support Files/Pods-SNASA/Pods-SNASA-frameworks-${CONFIGURATION}-input-files.xcfilelist",
			);
			name = "[CP] Embed Pods Frameworks";
			outputFileListPaths = (
				"${PODS_ROOT}/Target Support Files/Pods-SNASA/Pods-SNASA-frameworks-${CONFIGURATION}-output-files.xcfilelist",
			);
			runOnlyForDeploymentPostprocessing = 0;
			shellPath = /bin/sh;
			shellScript = "\"${PODS_ROOT}/Target Support Files/Pods-SNASA/Pods-SNASA-frameworks.sh\"\n";
			showEnvVarsInLog = 0;
		};
		CE82866443DE7A16CA7BBC7E /* [CP] Check Pods Manifest.lock */ = {
			isa = PBXShellScriptBuildPhase;
			buildActionMask = 2147483647;
			files = (
			);
			inputFileListPaths = (
			);
			inputPaths = (
				"${PODS_PODFILE_DIR_PATH}/Podfile.lock",
				"${PODS_ROOT}/Manifest.lock",
			);
			name = "[CP] Check Pods Manifest.lock";
			outputFileListPaths = (
			);
			outputPaths = (
				"$(DERIVED_FILE_DIR)/Pods-SNASA-checkManifestLockResult.txt",
			);
			runOnlyForDeploymentPostprocessing = 0;
			shellPath = /bin/sh;
			shellScript = "diff \"${PODS_PODFILE_DIR_PATH}/Podfile.lock\" \"${PODS_ROOT}/Manifest.lock\" > /dev/null\nif [ $? != 0 ] ; then\n    # print error to STDERR\n    echo \"error: The sandbox is not in sync with the Podfile.lock. Run 'pod install' or update your CocoaPods installation.\" >&2\n    exit 1\nfi\n# This output is used by Xcode 'outputs' to avoid re-running this script phase.\necho \"SUCCESS\" > \"${SCRIPT_OUTPUT_FILE_0}\"\n";
			showEnvVarsInLog = 0;
		};
/* End PBXShellScriptBuildPhase section */

/* Begin PBXSourcesBuildPhase section */
		FAAEB1EC2A5978F200882445 /* Sources */ = {
			isa = PBXSourcesBuildPhase;
			buildActionMask = 2147483647;
			files = (
				FAAEB1F82A5978F200882445 /* ViewController.swift in Sources */,
				FAAEB1F42A5978F200882445 /* AppDelegate.swift in Sources */,
				FAAEB1F62A5978F200882445 /* SceneDelegate.swift in Sources */,
			);
			runOnlyForDeploymentPostprocessing = 0;
		};
/* End PBXSourcesBuildPhase section */

/* Begin PBXVariantGroup section */
		FAAEB1F92A5978F200882445 /* Main.storyboard */ = {
			isa = PBXVariantGroup;
			children = (
				FAAEB1FA2A5978F200882445 /* Base */,
			);
			name = Main.storyboard;
			sourceTree = "<group>";
		};
		FAAEB1FE2A5978F300882445 /* LaunchScreen.storyboard */ = {
			isa = PBXVariantGroup;
			children = (
				FAAEB1FF2A5978F300882445 /* Base */,
			);
			name = LaunchScreen.storyboard;
			sourceTree = "<group>";
		};
/* End PBXVariantGroup section */

/* Begin XCBuildConfiguration section */
		FAAEB2022A5978F300882445 /* Debug */ = {
			isa = XCBuildConfiguration;
			buildSettings = {
				ALWAYS_SEARCH_USER_PATHS = NO;
				CLANG_ANALYZER_NONNULL = YES;
				CLANG_ANALYZER_NUMBER_OBJECT_CONVERSION = YES_AGGRESSIVE;
				CLANG_CXX_LANGUAGE_STANDARD = "gnu++20";
				CLANG_ENABLE_MODULES = YES;
				CLANG_ENABLE_OBJC_ARC = YES;
				CLANG_ENABLE_OBJC_WEAK = YES;
				CLANG_WARN_BLOCK_CAPTURE_AUTORELEASING = YES;
				CLANG_WARN_BOOL_CONVERSION = YES;
				CLANG_WARN_COMMA = YES;
				CLANG_WARN_CONSTANT_CONVERSION = YES;
				CLANG_WARN_DEPRECATED_OBJC_IMPLEMENTATIONS = YES;
				CLANG_WARN_DIRECT_OBJC_ISA_USAGE = YES_ERROR;
				CLANG_WARN_DOCUMENTATION_COMMENTS = YES;
				CLANG_WARN_EMPTY_BODY = YES;
				CLANG_WARN_ENUM_CONVERSION = YES;
				CLANG_WARN_INFINITE_RECURSION = YES;
				CLANG_WARN_INT_CONVERSION = YES;
				CLANG_WARN_NON_LITERAL_NULL_CONVERSION = YES;
				CLANG_WARN_OBJC_IMPLICIT_RETAIN_SELF = YES;
				CLANG_WARN_OBJC_LITERAL_CONVERSION = YES;
				CLANG_WARN_OBJC_ROOT_CLASS = YES_ERROR;
				CLANG_WARN_QUOTED_INCLUDE_IN_FRAMEWORK_HEADER = YES;
				CLANG_WARN_RANGE_LOOP_ANALYSIS = YES;
				CLANG_WARN_STRICT_PROTOTYPES = YES;
				CLANG_WARN_SUSPICIOUS_MOVE = YES;
				CLANG_WARN_UNGUARDED_AVAILABILITY = YES_AGGRESSIVE;
				CLANG_WARN_UNREACHABLE_CODE = YES;
				CLANG_WARN__DUPLICATE_METHOD_MATCH = YES;
				COPY_PHASE_STRIP = NO;
				DEBUG_INFORMATION_FORMAT = dwarf;
				ENABLE_STRICT_OBJC_MSGSEND = YES;
				ENABLE_TESTABILITY = YES;
				GCC_C_LANGUAGE_STANDARD = gnu11;
				GCC_DYNAMIC_NO_PIC = NO;
				GCC_NO_COMMON_BLOCKS = YES;
				GCC_OPTIMIZATION_LEVEL = 0;
				GCC_PREPROCESSOR_DEFINITIONS = (
					"DEBUG=1",
					"$(inherited)",
				);
				GCC_WARN_64_TO_32_BIT_CONVERSION = YES;
				GCC_WARN_ABOUT_RETURN_TYPE = YES_ERROR;
				GCC_WARN_UNDECLARED_SELECTOR = YES;
				GCC_WARN_UNINITIALIZED_AUTOS = YES_AGGRESSIVE;
				GCC_WARN_UNUSED_FUNCTION = YES;
				GCC_WARN_UNUSED_VARIABLE = YES;
				IPHONEOS_DEPLOYMENT_TARGET = 16.4;
				MTL_ENABLE_DEBUG_INFO = INCLUDE_SOURCE;
				MTL_FAST_MATH = YES;
				ONLY_ACTIVE_ARCH = YES;
				SDKROOT = iphoneos;
				SWIFT_ACTIVE_COMPILATION_CONDITIONS = DEBUG;
				SWIFT_OPTIMIZATION_LEVEL = "-Onone";
			};
			name = Debug;
		};
		FAAEB2032A5978F300882445 /* Release */ = {
			isa = XCBuildConfiguration;
			buildSettings = {
				ALWAYS_SEARCH_USER_PATHS = NO;
				CLANG_ANALYZER_NONNULL = YES;
				CLANG_ANALYZER_NUMBER_OBJECT_CONVERSION = YES_AGGRESSIVE;
				CLANG_CXX_LANGUAGE_STANDARD = "gnu++20";
				CLANG_ENABLE_MODULES = YES;
				CLANG_ENABLE_OBJC_ARC = YES;
				CLANG_ENABLE_OBJC_WEAK = YES;
				CLANG_WARN_BLOCK_CAPTURE_AUTORELEASING = YES;
				CLANG_WARN_BOOL_CONVERSION = YES;
				CLANG_WARN_COMMA = YES;
				CLANG_WARN_CONSTANT_CONVERSION = YES;
				CLANG_WARN_DEPRECATED_OBJC_IMPLEMENTATIONS = YES;
				CLANG_WARN_DIRECT_OBJC_ISA_USAGE = YES_ERROR;
				CLANG_WARN_DOCUMENTATION_COMMENTS = YES;
				CLANG_WARN_EMPTY_BODY = YES;
				CLANG_WARN_ENUM_CONVERSION = YES;
				CLANG_WARN_INFINITE_RECURSION = YES;
				CLANG_WARN_INT_CONVERSION = YES;
				CLANG_WARN_NON_LITERAL_NULL_CONVERSION = YES;
				CLANG_WARN_OBJC_IMPLICIT_RETAIN_SELF = YES;
				CLANG_WARN_OBJC_LITERAL_CONVERSION = YES;
				CLANG_WARN_OBJC_ROOT_CLASS = YES_ERROR;
				CLANG_WARN_QUOTED_INCLUDE_IN_FRAMEWORK_HEADER = YES;
				CLANG_WARN_RANGE_LOOP_ANALYSIS = YES;
				CLANG_WARN_STRICT_PROTOTYPES = YES;
				CLANG_WARN_SUSPICIOUS_MOVE = YES;
				CLANG_WARN_UNGUARDED_AVAILABILITY = YES_AGGRESSIVE;
				CLANG_WARN_UNREACHABLE_CODE = YES;
				CLANG_WARN__DUPLICATE_METHOD_MATCH = YES;
				COPY_PHASE_STRIP = NO;
				DEBUG_INFORMATION_FORMAT = "dwarf-with-dsym";
				ENABLE_NS_ASSERTIONS = NO;
				ENABLE_STRICT_OBJC_MSGSEND = YES;
				GCC_C_LANGUAGE_STANDARD = gnu11;
				GCC_NO_COMMON_BLOCKS = YES;
				GCC_WARN_64_TO_32_BIT_CONVERSION = YES;
				GCC_WARN_ABOUT_RETURN_TYPE = YES_ERROR;
				GCC_WARN_UNDECLARED_SELECTOR = YES;
				GCC_WARN_UNINITIALIZED_AUTOS = YES_AGGRESSIVE;
				GCC_WARN_UNUSED_FUNCTION = YES;
				GCC_WARN_UNUSED_VARIABLE = YES;
				IPHONEOS_DEPLOYMENT_TARGET = 16.4;
				MTL_ENABLE_DEBUG_INFO = NO;
				MTL_FAST_MATH = YES;
				SDKROOT = iphoneos;
				SWIFT_COMPILATION_MODE = wholemodule;
				SWIFT_OPTIMIZATION_LEVEL = "-O";
				VALIDATE_PRODUCT = YES;
			};
			name = Release;
		};
		FAAEB2052A5978F300882445 /* Debug */ = {
			isa = XCBuildConfiguration;
			baseConfigurationReference = 5753A145351DC37173FDEDF3 /* Pods-SNASA.debug.xcconfig */;
			buildSettings = {
				ASSETCATALOG_COMPILER_APPICON_NAME = AppIcon;
				ASSETCATALOG_COMPILER_GLOBAL_ACCENT_COLOR_NAME = AccentColor;
				CODE_SIGN_STYLE = Automatic;
				CURRENT_PROJECT_VERSION = 1;
				DEVELOPMENT_TEAM = 955DP87LHM;
				GENERATE_INFOPLIST_FILE = YES;
				INFOPLIST_FILE = SNASA/Info.plist;
				INFOPLIST_KEY_UIApplicationSupportsIndirectInputEvents = YES;
				INFOPLIST_KEY_UILaunchStoryboardName = LaunchScreen;
				INFOPLIST_KEY_UIMainStoryboardFile = Main;
				INFOPLIST_KEY_UISupportedInterfaceOrientations_iPad = "UIInterfaceOrientationPortrait UIInterfaceOrientationPortraitUpsideDown UIInterfaceOrientationLandscapeLeft UIInterfaceOrientationLandscapeRight";
				INFOPLIST_KEY_UISupportedInterfaceOrientations_iPhone = "UIInterfaceOrientationPortrait UIInterfaceOrientationLandscapeLeft UIInterfaceOrientationLandscapeRight";
				IPHONEOS_DEPLOYMENT_TARGET = 15.0;
				LD_RUNPATH_SEARCH_PATHS = (
					"$(inherited)",
					"@executable_path/Frameworks",
				);
				MARKETING_VERSION = 1.0;
				PRODUCT_BUNDLE_IDENTIFIER = none.SNASA;
				PRODUCT_NAME = "$(TARGET_NAME)";
				SWIFT_EMIT_LOC_STRINGS = YES;
				SWIFT_VERSION = 5.0;
				TARGETED_DEVICE_FAMILY = "1,2";
			};
			name = Debug;
		};
		FAAEB2062A5978F300882445 /* Release */ = {
			isa = XCBuildConfiguration;
			baseConfigurationReference = CDE9BC681BD53FDF8B306378 /* Pods-SNASA.release.xcconfig */;
			buildSettings = {
				ASSETCATALOG_COMPILER_APPICON_NAME = AppIcon;
				ASSETCATALOG_COMPILER_GLOBAL_ACCENT_COLOR_NAME = AccentColor;
				CODE_SIGN_STYLE = Automatic;
				CURRENT_PROJECT_VERSION = 1;
				DEVELOPMENT_TEAM = 955DP87LHM;
				GENERATE_INFOPLIST_FILE = YES;
				INFOPLIST_FILE = SNASA/Info.plist;
				INFOPLIST_KEY_UIApplicationSupportsIndirectInputEvents = YES;
				INFOPLIST_KEY_UILaunchStoryboardName = LaunchScreen;
				INFOPLIST_KEY_UIMainStoryboardFile = Main;
				INFOPLIST_KEY_UISupportedInterfaceOrientations_iPad = "UIInterfaceOrientationPortrait UIInterfaceOrientationPortraitUpsideDown UIInterfaceOrientationLandscapeLeft UIInterfaceOrientationLandscapeRight";
				INFOPLIST_KEY_UISupportedInterfaceOrientations_iPhone = "UIInterfaceOrientationPortrait UIInterfaceOrientationLandscapeLeft UIInterfaceOrientationLandscapeRight";
				IPHONEOS_DEPLOYMENT_TARGET = 15.0;
				LD_RUNPATH_SEARCH_PATHS = (
					"$(inherited)",
					"@executable_path/Frameworks",
				);
				MARKETING_VERSION = 1.0;
				PRODUCT_BUNDLE_IDENTIFIER = none.SNASA;
				PRODUCT_NAME = "$(TARGET_NAME)";
				SWIFT_EMIT_LOC_STRINGS = YES;
				SWIFT_VERSION = 5.0;
				TARGETED_DEVICE_FAMILY = "1,2";
			};
			name = Release;
		};
/* End XCBuildConfiguration section */

/* Begin XCConfigurationList section */
		FAAEB1EB2A5978F200882445 /* Build configuration list for PBXProject "SNASA" */ = {
			isa = XCConfigurationList;
			buildConfigurations = (
				FAAEB2022A5978F300882445 /* Debug */,
				FAAEB2032A5978F300882445 /* Release */,
			);
			defaultConfigurationIsVisible = 0;
			defaultConfigurationName = Release;
		};
		FAAEB2042A5978F300882445 /* Build configuration list for PBXNativeTarget "SNASA" */ = {
			isa = XCConfigurationList;
			buildConfigurations = (
				FAAEB2052A5978F300882445 /* Debug */,
				FAAEB2062A5978F300882445 /* Release */,
			);
			defaultConfigurationIsVisible = 0;
			defaultConfigurationName = Release;
		};
/* End XCConfigurationList section */
	};
	rootObject = FAAEB1E82A5978F200882445 /* Project object */;
}
