// !$*UTF8*$!
{
	archiveVersion = 1;
	classes = {
	};
	objectVersion = 56;
	objects = {

/* Begin PBXBuildFile section */
		1B02FBE7AB6D0C4A58F4EA50 /* Pods_SNASA.framework in Frameworks */ = {isa = PBXBuildFile; fileRef = 7D7F0EDF9E16ECB0714A9C0F /* Pods_SNASA.framework */; };
		FA0165FD2A70049D0064950A /* SpaceService.swift in Sources */ = {isa = PBXBuildFile; fileRef = FA0165FC2A70049D0064950A /* SpaceService.swift */; };
		FA0165FF2A700BFC0064950A /* SpaceRepository.swift in Sources */ = {isa = PBXBuildFile; fileRef = FA0165FE2A700BFC0064950A /* SpaceRepository.swift */; };
		FA0166012A700C290064950A /* BaseRepository.swift in Sources */ = {isa = PBXBuildFile; fileRef = FA0166002A700C290064950A /* BaseRepository.swift */; };
		FA0166032A71D30A0064950A /* ServiceFacroty.swift in Sources */ = {isa = PBXBuildFile; fileRef = FA0166022A71D30A0064950A /* ServiceFacroty.swift */; };
		FA1A6B9B2A6C4305000AC667 /* SpaceCell.swift in Sources */ = {isa = PBXBuildFile; fileRef = FA1A6B9A2A6C4305000AC667 /* SpaceCell.swift */; };
		FAAEB1F42A5978F200882445 /* AppDelegate.swift in Sources */ = {isa = PBXBuildFile; fileRef = FAAEB1F32A5978F200882445 /* AppDelegate.swift */; };
		FAAEB1F62A5978F200882445 /* SceneDelegate.swift in Sources */ = {isa = PBXBuildFile; fileRef = FAAEB1F52A5978F200882445 /* SceneDelegate.swift */; };
		FAAEB1F82A5978F200882445 /* ViewController.swift in Sources */ = {isa = PBXBuildFile; fileRef = FAAEB1F72A5978F200882445 /* ViewController.swift */; };
		FAAEB1FD2A5978F300882445 /* Assets.xcassets in Resources */ = {isa = PBXBuildFile; fileRef = FAAEB1FC2A5978F300882445 /* Assets.xcassets */; };
		FAAEB2002A5978F300882445 /* LaunchScreen.storyboard in Resources */ = {isa = PBXBuildFile; fileRef = FAAEB1FE2A5978F300882445 /* LaunchScreen.storyboard */; };
		FAAEB2102A5985EA00882445 /* MainView.swift in Sources */ = {isa = PBXBuildFile; fileRef = FAAEB20F2A5985EA00882445 /* MainView.swift */; };
		FAAEB2122A5985F800882445 /* MainController.swift in Sources */ = {isa = PBXBuildFile; fileRef = FAAEB2112A5985F800882445 /* MainController.swift */; };
		FAAEB2142A59861500882445 /* MainInteractor.swift in Sources */ = {isa = PBXBuildFile; fileRef = FAAEB2132A59861500882445 /* MainInteractor.swift */; };
		FAAEB2162A59861F00882445 /* MainPresenter.swift in Sources */ = {isa = PBXBuildFile; fileRef = FAAEB2152A59861F00882445 /* MainPresenter.swift */; };
		FAAEB2182A59863100882445 /* MainRouter.swift in Sources */ = {isa = PBXBuildFile; fileRef = FAAEB2172A59863100882445 /* MainRouter.swift */; };
		FAAEB21A2A59864800882445 /* MainModuleBuilder.swift in Sources */ = {isa = PBXBuildFile; fileRef = FAAEB2192A59864800882445 /* MainModuleBuilder.swift */; };
		FAAEB2212A5986F400882445 /* SpaceModel.swift in Sources */ = {isa = PBXBuildFile; fileRef = FAAEB2202A5986F400882445 /* SpaceModel.swift */; };
		FAAEB2232A5986FD00882445 /* SpaceEntity.swift in Sources */ = {isa = PBXBuildFile; fileRef = FAAEB2222A5986FD00882445 /* SpaceEntity.swift */; };
		FAAEB2282A59A48800882445 /* SpaceView.swift in Sources */ = {isa = PBXBuildFile; fileRef = FAAEB2272A59A48800882445 /* SpaceView.swift */; };
		FAAEB22A2A59A49100882445 /* SpaceController.swift in Sources */ = {isa = PBXBuildFile; fileRef = FAAEB2292A59A49100882445 /* SpaceController.swift */; };
		FAAEB22C2A59A49E00882445 /* SpaceInteractor.swift in Sources */ = {isa = PBXBuildFile; fileRef = FAAEB22B2A59A49E00882445 /* SpaceInteractor.swift */; };
		FAAEB22E2A59A4B500882445 /* SpacePresenter.swift in Sources */ = {isa = PBXBuildFile; fileRef = FAAEB22D2A59A4B500882445 /* SpacePresenter.swift */; };
		FAAEB2302A59A4BD00882445 /* SpaceRouner.swift in Sources */ = {isa = PBXBuildFile; fileRef = FAAEB22F2A59A4BD00882445 /* SpaceRouner.swift */; };
		FAAEB2322A59A4D200882445 /* SpaceModuleBuilder.swift in Sources */ = {isa = PBXBuildFile; fileRef = FAAEB2312A59A4D200882445 /* SpaceModuleBuilder.swift */; };
		FAAEB2352A59B65200882445 /* BaseView.swift in Sources */ = {isa = PBXBuildFile; fileRef = FAAEB2342A59B65200882445 /* BaseView.swift */; };
		FAAEB2372A59B65900882445 /* BaseViewController.swift in Sources */ = {isa = PBXBuildFile; fileRef = FAAEB2362A59B65900882445 /* BaseViewController.swift */; };
		FAAEB23A2A59C9A000882445 /* SpaceCartView.swift in Sources */ = {isa = PBXBuildFile; fileRef = FAAEB2392A59C9A000882445 /* SpaceCartView.swift */; };
/* End PBXBuildFile section */

/* Begin PBXFileReference section */
		5753A145351DC37173FDEDF3 /* Pods-SNASA.debug.xcconfig */ = {isa = PBXFileReference; includeInIndex = 1; lastKnownFileType = text.xcconfig; name = "Pods-SNASA.debug.xcconfig"; path = "Target Support Files/Pods-SNASA/Pods-SNASA.debug.xcconfig"; sourceTree = "<group>"; };
		7D7F0EDF9E16ECB0714A9C0F /* Pods_SNASA.framework */ = {isa = PBXFileReference; explicitFileType = wrapper.framework; includeInIndex = 0; path = Pods_SNASA.framework; sourceTree = BUILT_PRODUCTS_DIR; };
		CDE9BC681BD53FDF8B306378 /* Pods-SNASA.release.xcconfig */ = {isa = PBXFileReference; includeInIndex = 1; lastKnownFileType = text.xcconfig; name = "Pods-SNASA.release.xcconfig"; path = "Target Support Files/Pods-SNASA/Pods-SNASA.release.xcconfig"; sourceTree = "<group>"; };
		FA0165FC2A70049D0064950A /* SpaceService.swift */ = {isa = PBXFileReference; lastKnownFileType = sourcecode.swift; path = SpaceService.swift; sourceTree = "<group>"; };
		FA0165FE2A700BFC0064950A /* SpaceRepository.swift */ = {isa = PBXFileReference; lastKnownFileType = sourcecode.swift; path = SpaceRepository.swift; sourceTree = "<group>"; };
		FA0166002A700C290064950A /* BaseRepository.swift */ = {isa = PBXFileReference; lastKnownFileType = sourcecode.swift; path = BaseRepository.swift; sourceTree = "<group>"; };
		FA0166022A71D30A0064950A /* ServiceFacroty.swift */ = {isa = PBXFileReference; lastKnownFileType = sourcecode.swift; path = ServiceFacroty.swift; sourceTree = "<group>"; };
		FA1A6B9A2A6C4305000AC667 /* SpaceCell.swift */ = {isa = PBXFileReference; lastKnownFileType = sourcecode.swift; path = SpaceCell.swift; sourceTree = "<group>"; };
		FAAEB1F02A5978F200882445 /* SNASA.app */ = {isa = PBXFileReference; explicitFileType = wrapper.application; includeInIndex = 0; path = SNASA.app; sourceTree = BUILT_PRODUCTS_DIR; };
		FAAEB1F32A5978F200882445 /* AppDelegate.swift */ = {isa = PBXFileReference; lastKnownFileType = sourcecode.swift; path = AppDelegate.swift; sourceTree = "<group>"; };
		FAAEB1F52A5978F200882445 /* SceneDelegate.swift */ = {isa = PBXFileReference; lastKnownFileType = sourcecode.swift; path = SceneDelegate.swift; sourceTree = "<group>"; };
		FAAEB1F72A5978F200882445 /* ViewController.swift */ = {isa = PBXFileReference; lastKnownFileType = sourcecode.swift; path = ViewController.swift; sourceTree = "<group>"; };
		FAAEB1FC2A5978F300882445 /* Assets.xcassets */ = {isa = PBXFileReference; lastKnownFileType = folder.assetcatalog; path = Assets.xcassets; sourceTree = "<group>"; };
		FAAEB1FF2A5978F300882445 /* Base */ = {isa = PBXFileReference; lastKnownFileType = file.storyboard; name = Base; path = Base.lproj/LaunchScreen.storyboard; sourceTree = "<group>"; };
		FAAEB2012A5978F300882445 /* Info.plist */ = {isa = PBXFileReference; lastKnownFileType = text.plist.xml; path = Info.plist; sourceTree = "<group>"; };
		FAAEB20F2A5985EA00882445 /* MainView.swift */ = {isa = PBXFileReference; lastKnownFileType = sourcecode.swift; path = MainView.swift; sourceTree = "<group>"; };
		FAAEB2112A5985F800882445 /* MainController.swift */ = {isa = PBXFileReference; lastKnownFileType = sourcecode.swift; path = MainController.swift; sourceTree = "<group>"; };
		FAAEB2132A59861500882445 /* MainInteractor.swift */ = {isa = PBXFileReference; lastKnownFileType = sourcecode.swift; path = MainInteractor.swift; sourceTree = "<group>"; };
		FAAEB2152A59861F00882445 /* MainPresenter.swift */ = {isa = PBXFileReference; lastKnownFileType = sourcecode.swift; path = MainPresenter.swift; sourceTree = "<group>"; };
		FAAEB2172A59863100882445 /* MainRouter.swift */ = {isa = PBXFileReference; lastKnownFileType = sourcecode.swift; path = MainRouter.swift; sourceTree = "<group>"; };
		FAAEB2192A59864800882445 /* MainModuleBuilder.swift */ = {isa = PBXFileReference; lastKnownFileType = sourcecode.swift; path = MainModuleBuilder.swift; sourceTree = "<group>"; };
		FAAEB2202A5986F400882445 /* SpaceModel.swift */ = {isa = PBXFileReference; lastKnownFileType = sourcecode.swift; path = SpaceModel.swift; sourceTree = "<group>"; };
		FAAEB2222A5986FD00882445 /* SpaceEntity.swift */ = {isa = PBXFileReference; lastKnownFileType = sourcecode.swift; path = SpaceEntity.swift; sourceTree = "<group>"; };
		FAAEB2272A59A48800882445 /* SpaceView.swift */ = {isa = PBXFileReference; lastKnownFileType = sourcecode.swift; path = SpaceView.swift; sourceTree = "<group>"; };
		FAAEB2292A59A49100882445 /* SpaceController.swift */ = {isa = PBXFileReference; lastKnownFileType = sourcecode.swift; path = SpaceController.swift; sourceTree = "<group>"; };
		FAAEB22B2A59A49E00882445 /* SpaceInteractor.swift */ = {isa = PBXFileReference; lastKnownFileType = sourcecode.swift; path = SpaceInteractor.swift; sourceTree = "<group>"; };
		FAAEB22D2A59A4B500882445 /* SpacePresenter.swift */ = {isa = PBXFileReference; lastKnownFileType = sourcecode.swift; path = SpacePresenter.swift; sourceTree = "<group>"; };
		FAAEB22F2A59A4BD00882445 /* SpaceRouner.swift */ = {isa = PBXFileReference; lastKnownFileType = sourcecode.swift; path = SpaceRouner.swift; sourceTree = "<group>"; };
		FAAEB2312A59A4D200882445 /* SpaceModuleBuilder.swift */ = {isa = PBXFileReference; lastKnownFileType = sourcecode.swift; path = SpaceModuleBuilder.swift; sourceTree = "<group>"; };
		FAAEB2342A59B65200882445 /* BaseView.swift */ = {isa = PBXFileReference; lastKnownFileType = sourcecode.swift; path = BaseView.swift; sourceTree = "<group>"; };
		FAAEB2362A59B65900882445 /* BaseViewController.swift */ = {isa = PBXFileReference; lastKnownFileType = sourcecode.swift; path = BaseViewController.swift; sourceTree = "<group>"; };
		FAAEB2392A59C9A000882445 /* SpaceCartView.swift */ = {isa = PBXFileReference; lastKnownFileType = sourcecode.swift; path = SpaceCartView.swift; sourceTree = "<group>"; };
/* End PBXFileReference section */

/* Begin PBXFrameworksBuildPhase section */
		FAAEB1ED2A5978F200882445 /* Frameworks */ = {
			isa = PBXFrameworksBuildPhase;
			buildActionMask = 2147483647;
			files = (
				1B02FBE7AB6D0C4A58F4EA50 /* Pods_SNASA.framework in Frameworks */,
			);
			runOnlyForDeploymentPostprocessing = 0;
		};
/* End PBXFrameworksBuildPhase section */

/* Begin PBXGroup section */
		345E2780B16594390559FEE2 /* Frameworks */ = {
			isa = PBXGroup;
			children = (
				7D7F0EDF9E16ECB0714A9C0F /* Pods_SNASA.framework */,
			);
			name = Frameworks;
			sourceTree = "<group>";
		};
		8B5062B8CD33FE13CE64C5B6 /* Pods */ = {
			isa = PBXGroup;
			children = (
				5753A145351DC37173FDEDF3 /* Pods-SNASA.debug.xcconfig */,
				CDE9BC681BD53FDF8B306378 /* Pods-SNASA.release.xcconfig */,
			);
			path = Pods;
			sourceTree = "<group>";
		};
		FAAEB1E72A5978F100882445 = {
			isa = PBXGroup;
			children = (
				FAAEB1F22A5978F200882445 /* SNASA */,
				FAAEB1F12A5978F200882445 /* Products */,
				8B5062B8CD33FE13CE64C5B6 /* Pods */,
				345E2780B16594390559FEE2 /* Frameworks */,
			);
			sourceTree = "<group>";
		};
		FAAEB1F12A5978F200882445 /* Products */ = {
			isa = PBXGroup;
			children = (
				FAAEB1F02A5978F200882445 /* SNASA.app */,
			);
			name = Products;
			sourceTree = "<group>";
		};
		FAAEB1F22A5978F200882445 /* SNASA */ = {
			isa = PBXGroup;
			children = (
				FAAEB20E2A5985C800882445 /* Modules */,
				FAAEB21E2A5986A800882445 /* Services */,
				FAAEB21D2A59869400882445 /* Repositories */,
				FAAEB20C2A597FC500882445 /* System */,
				FAAEB1F72A5978F200882445 /* ViewController.swift */,
			);
			path = SNASA;
			sourceTree = "<group>";
		};
		FAAEB20C2A597FC500882445 /* System */ = {
			isa = PBXGroup;
			children = (
				FAAEB1F32A5978F200882445 /* AppDelegate.swift */,
				FAAEB1F52A5978F200882445 /* SceneDelegate.swift */,
				FAAEB1FC2A5978F300882445 /* Assets.xcassets */,
				FAAEB1FE2A5978F300882445 /* LaunchScreen.storyboard */,
				FAAEB2012A5978F300882445 /* Info.plist */,
			);
			path = System;
			sourceTree = "<group>";
		};
		FAAEB20D2A5985B900882445 /* Main */ = {
			isa = PBXGroup;
			children = (
				FAAEB20F2A5985EA00882445 /* MainView.swift */,
				FAAEB2112A5985F800882445 /* MainController.swift */,
				FAAEB2132A59861500882445 /* MainInteractor.swift */,
				FAAEB2152A59861F00882445 /* MainPresenter.swift */,
				FAAEB2172A59863100882445 /* MainRouter.swift */,
				FAAEB2192A59864800882445 /* MainModuleBuilder.swift */,
			);
			path = Main;
			sourceTree = "<group>";
		};
		FAAEB20E2A5985C800882445 /* Modules */ = {
			isa = PBXGroup;
			children = (
				FAAEB2382A59C97E00882445 /* Components */,
				FAAEB2262A59A40200882445 /* Space */,
				FAAEB20D2A5985B900882445 /* Main */,
				FAAEB2332A59B63C00882445 /* Base */,
			);
			path = Modules;
			sourceTree = "<group>";
		};
		FAAEB21C2A59866800882445 /* Entities */ = {
			isa = PBXGroup;
			children = (
				FAAEB2222A5986FD00882445 /* SpaceEntity.swift */,
			);
			path = Entities;
			sourceTree = "<group>";
		};
		FAAEB21D2A59869400882445 /* Repositories */ = {
			isa = PBXGroup;
			children = (
				FAAEB21F2A5986C000882445 /* Models */,
				FA0166002A700C290064950A /* BaseRepository.swift */,
				FA0165FE2A700BFC0064950A /* SpaceRepository.swift */,
			);
			path = Repositories;
			sourceTree = "<group>";
		};
		FAAEB21E2A5986A800882445 /* Services */ = {
			isa = PBXGroup;
			children = (
				FAAEB21C2A59866800882445 /* Entities */,
				FA0165FC2A70049D0064950A /* SpaceService.swift */,
				FA0166022A71D30A0064950A /* ServiceFacroty.swift */,
			);
			path = Services;
			sourceTree = "<group>";
		};
		FAAEB21F2A5986C000882445 /* Models */ = {
			isa = PBXGroup;
			children = (
				FAAEB2202A5986F400882445 /* SpaceModel.swift */,
			);
			path = Models;
			sourceTree = "<group>";
		};
		FAAEB2262A59A40200882445 /* Space */ = {
			isa = PBXGroup;
			children = (
				FAAEB2272A59A48800882445 /* SpaceView.swift */,
				FAAEB2292A59A49100882445 /* SpaceController.swift */,
				FAAEB22B2A59A49E00882445 /* SpaceInteractor.swift */,
				FAAEB22D2A59A4B500882445 /* SpacePresenter.swift */,
				FAAEB22F2A59A4BD00882445 /* SpaceRouner.swift */,
				FAAEB2312A59A4D200882445 /* SpaceModuleBuilder.swift */,
			);
			path = Space;
			sourceTree = "<group>";
		};
		FAAEB2332A59B63C00882445 /* Base */ = {
			isa = PBXGroup;
			children = (
				FAAEB2342A59B65200882445 /* BaseView.swift */,
				FAAEB2362A59B65900882445 /* BaseViewController.swift */,
			);
			path = Base;
			sourceTree = "<group>";
		};
		FAAEB2382A59C97E00882445 /* Components */ = {
			isa = PBXGroup;
			children = (
				FAAEB2392A59C9A000882445 /* SpaceCartView.swift */,
				FA1A6B9A2A6C4305000AC667 /* SpaceCell.swift */,
			);
			path = Components;
			sourceTree = "<group>";
		};
/* End PBXGroup section */

/* Begin PBXNativeTarget section */
		FAAEB1EF2A5978F200882445 /* SNASA */ = {
			isa = PBXNativeTarget;
			buildConfigurationList = FAAEB2042A5978F300882445 /* Build configuration list for PBXNativeTarget "SNASA" */;
			buildPhases = (
				CE82866443DE7A16CA7BBC7E /* [CP] Check Pods Manifest.lock */,
				FAAEB1EC2A5978F200882445 /* Sources */,
				FAAEB1ED2A5978F200882445 /* Frameworks */,
				FAAEB1EE2A5978F200882445 /* Resources */,
				17E543A9A5E596E42CC03601 /* [CP] Embed Pods Frameworks */,
			);
			buildRules = (
			);
			dependencies = (
			);
			name = SNASA;
			productName = SNASA;
			productReference = FAAEB1F02A5978F200882445 /* SNASA.app */;
			productType = "com.apple.product-type.application";
		};
/* End PBXNativeTarget section */

/* Begin PBXProject section */
		FAAEB1E82A5978F200882445 /* Project object */ = {
			isa = PBXProject;
			attributes = {
				BuildIndependentTargetsInParallel = 1;
				LastSwiftUpdateCheck = 1430;
				LastUpgradeCheck = 1430;
				TargetAttributes = {
					FAAEB1EF2A5978F200882445 = {
						CreatedOnToolsVersion = 14.3;
					};
				};
			};
			buildConfigurationList = FAAEB1EB2A5978F200882445 /* Build configuration list for PBXProject "SNASA" */;
			compatibilityVersion = "Xcode 14.0";
			developmentRegion = en;
			hasScannedForEncodings = 0;
			knownRegions = (
				en,
				Base,
			);
			mainGroup = FAAEB1E72A5978F100882445;
			productRefGroup = FAAEB1F12A5978F200882445 /* Products */;
			projectDirPath = "";
			projectRoot = "";
			targets = (
				FAAEB1EF2A5978F200882445 /* SNASA */,
			);
		};
/* End PBXProject section */

/* Begin PBXResourcesBuildPhase section */
		FAAEB1EE2A5978F200882445 /* Resources */ = {
			isa = PBXResourcesBuildPhase;
			buildActionMask = 2147483647;
			files = (
				FAAEB2002A5978F300882445 /* LaunchScreen.storyboard in Resources */,
				FAAEB1FD2A5978F300882445 /* Assets.xcassets in Resources */,
			);
			runOnlyForDeploymentPostprocessing = 0;
		};
/* End PBXResourcesBuildPhase section */

/* Begin PBXShellScriptBuildPhase section */
		17E543A9A5E596E42CC03601 /* [CP] Embed Pods Frameworks */ = {
			isa = PBXShellScriptBuildPhase;
			buildActionMask = 2147483647;
			files = (
			);
			inputFileListPaths = (
				"${PODS_ROOT}/Target Support Files/Pods-SNASA/Pods-SNASA-frameworks-${CONFIGURATION}-input-files.xcfilelist",
			);
			name = "[CP] Embed Pods Frameworks";
			outputFileListPaths = (
				"${PODS_ROOT}/Target Support Files/Pods-SNASA/Pods-SNASA-frameworks-${CONFIGURATION}-output-files.xcfilelist",
			);
			runOnlyForDeploymentPostprocessing = 0;
			shellPath = /bin/sh;
			shellScript = "\"${PODS_ROOT}/Target Support Files/Pods-SNASA/Pods-SNASA-frameworks.sh\"\n";
			showEnvVarsInLog = 0;
		};
		CE82866443DE7A16CA7BBC7E /* [CP] Check Pods Manifest.lock */ = {
			isa = PBXShellScriptBuildPhase;
			buildActionMask = 2147483647;
			files = (
			);
			inputFileListPaths = (
			);
			inputPaths = (
				"${PODS_PODFILE_DIR_PATH}/Podfile.lock",
				"${PODS_ROOT}/Manifest.lock",
			);
			name = "[CP] Check Pods Manifest.lock";
			outputFileListPaths = (
			);
			outputPaths = (
				"$(DERIVED_FILE_DIR)/Pods-SNASA-checkManifestLockResult.txt",
			);
			runOnlyForDeploymentPostprocessing = 0;
			shellPath = /bin/sh;
			shellScript = "diff \"${PODS_PODFILE_DIR_PATH}/Podfile.lock\" \"${PODS_ROOT}/Manifest.lock\" > /dev/null\nif [ $? != 0 ] ; then\n    # print error to STDERR\n    echo \"error: The sandbox is not in sync with the Podfile.lock. Run 'pod install' or update your CocoaPods installation.\" >&2\n    exit 1\nfi\n# This output is used by Xcode 'outputs' to avoid re-running this script phase.\necho \"SUCCESS\" > \"${SCRIPT_OUTPUT_FILE_0}\"\n";
			showEnvVarsInLog = 0;
		};
/* End PBXShellScriptBuildPhase section */

/* Begin PBXSourcesBuildPhase section */
		FAAEB1EC2A5978F200882445 /* Sources */ = {
			isa = PBXSourcesBuildPhase;
			buildActionMask = 2147483647;
			files = (
				FA1A6B9B2A6C4305000AC667 /* SpaceCell.swift in Sources */,
				FAAEB1F82A5978F200882445 /* ViewController.swift in Sources */,
				FAAEB2302A59A4BD00882445 /* SpaceRouner.swift in Sources */,
				FAAEB2372A59B65900882445 /* BaseViewController.swift in Sources */,
				FAAEB22C2A59A49E00882445 /* SpaceInteractor.swift in Sources */,
				FAAEB2322A59A4D200882445 /* SpaceModuleBuilder.swift in Sources */,
				FAAEB23A2A59C9A000882445 /* SpaceCartView.swift in Sources */,
				FAAEB22E2A59A4B500882445 /* SpacePresenter.swift in Sources */,
				FA0166032A71D30A0064950A /* ServiceFacroty.swift in Sources */,
				FAAEB2282A59A48800882445 /* SpaceView.swift in Sources */,
				FAAEB2182A59863100882445 /* MainRouter.swift in Sources */,
				FAAEB2212A5986F400882445 /* SpaceModel.swift in Sources */,
				FAAEB2102A5985EA00882445 /* MainView.swift in Sources */,
				FAAEB22A2A59A49100882445 /* SpaceController.swift in Sources */,
				FAAEB1F42A5978F200882445 /* AppDelegate.swift in Sources */,
				FAAEB1F62A5978F200882445 /* SceneDelegate.swift in Sources */,
				FAAEB2232A5986FD00882445 /* SpaceEntity.swift in Sources */,
				FAAEB2122A5985F800882445 /* MainController.swift in Sources */,
				FAAEB2162A59861F00882445 /* MainPresenter.swift in Sources */,
				FA0166012A700C290064950A /* BaseRepository.swift in Sources */,
				FA0165FF2A700BFC0064950A /* SpaceRepository.swift in Sources */,
				FA0165FD2A70049D0064950A /* SpaceService.swift in Sources */,
				FAAEB2352A59B65200882445 /* BaseView.swift in Sources */,
				FAAEB21A2A59864800882445 /* MainModuleBuilder.swift in Sources */,
				FAAEB2142A59861500882445 /* MainInteractor.swift in Sources */,
			);
			runOnlyForDeploymentPostprocessing = 0;
		};
/* End PBXSourcesBuildPhase section */

/* Begin PBXVariantGroup section */
		FAAEB1FE2A5978F300882445 /* LaunchScreen.storyboard */ = {
			isa = PBXVariantGroup;
			children = (
				FAAEB1FF2A5978F300882445 /* Base */,
			);
			name = LaunchScreen.storyboard;
			sourceTree = "<group>";
		};
/* End PBXVariantGroup section */

/* Begin XCBuildConfiguration section */
		FAAEB2022A5978F300882445 /* Debug */ = {
			isa = XCBuildConfiguration;
			buildSettings = {
				ALWAYS_SEARCH_USER_PATHS = NO;
				CLANG_ANALYZER_NONNULL = YES;
				CLANG_ANALYZER_NUMBER_OBJECT_CONVERSION = YES_AGGRESSIVE;
				CLANG_CXX_LANGUAGE_STANDARD = "gnu++20";
				CLANG_ENABLE_MODULES = YES;
				CLANG_ENABLE_OBJC_ARC = YES;
				CLANG_ENABLE_OBJC_WEAK = YES;
				CLANG_WARN_BLOCK_CAPTURE_AUTORELEASING = YES;
				CLANG_WARN_BOOL_CONVERSION = YES;
				CLANG_WARN_COMMA = YES;
				CLANG_WARN_CONSTANT_CONVERSION = YES;
				CLANG_WARN_DEPRECATED_OBJC_IMPLEMENTATIONS = YES;
				CLANG_WARN_DIRECT_OBJC_ISA_USAGE = YES_ERROR;
				CLANG_WARN_DOCUMENTATION_COMMENTS = YES;
				CLANG_WARN_EMPTY_BODY = YES;
				CLANG_WARN_ENUM_CONVERSION = YES;
				CLANG_WARN_INFINITE_RECURSION = YES;
				CLANG_WARN_INT_CONVERSION = YES;
				CLANG_WARN_NON_LITERAL_NULL_CONVERSION = YES;
				CLANG_WARN_OBJC_IMPLICIT_RETAIN_SELF = YES;
				CLANG_WARN_OBJC_LITERAL_CONVERSION = YES;
				CLANG_WARN_OBJC_ROOT_CLASS = YES_ERROR;
				CLANG_WARN_QUOTED_INCLUDE_IN_FRAMEWORK_HEADER = YES;
				CLANG_WARN_RANGE_LOOP_ANALYSIS = YES;
				CLANG_WARN_STRICT_PROTOTYPES = YES;
				CLANG_WARN_SUSPICIOUS_MOVE = YES;
				CLANG_WARN_UNGUARDED_AVAILABILITY = YES_AGGRESSIVE;
				CLANG_WARN_UNREACHABLE_CODE = YES;
				CLANG_WARN__DUPLICATE_METHOD_MATCH = YES;
				COPY_PHASE_STRIP = NO;
				DEBUG_INFORMATION_FORMAT = dwarf;
				ENABLE_STRICT_OBJC_MSGSEND = YES;
				ENABLE_TESTABILITY = YES;
				GCC_C_LANGUAGE_STANDARD = gnu11;
				GCC_DYNAMIC_NO_PIC = NO;
				GCC_NO_COMMON_BLOCKS = YES;
				GCC_OPTIMIZATION_LEVEL = 0;
				GCC_PREPROCESSOR_DEFINITIONS = (
					"DEBUG=1",
					"$(inherited)",
				);
				GCC_WARN_64_TO_32_BIT_CONVERSION = YES;
				GCC_WARN_ABOUT_RETURN_TYPE = YES_ERROR;
				GCC_WARN_UNDECLARED_SELECTOR = YES;
				GCC_WARN_UNINITIALIZED_AUTOS = YES_AGGRESSIVE;
				GCC_WARN_UNUSED_FUNCTION = YES;
				GCC_WARN_UNUSED_VARIABLE = YES;
				IPHONEOS_DEPLOYMENT_TARGET = 16.4;
				MTL_ENABLE_DEBUG_INFO = INCLUDE_SOURCE;
				MTL_FAST_MATH = YES;
				ONLY_ACTIVE_ARCH = YES;
				SDKROOT = iphoneos;
				SWIFT_ACTIVE_COMPILATION_CONDITIONS = DEBUG;
				SWIFT_OPTIMIZATION_LEVEL = "-Onone";
			};
			name = Debug;
		};
		FAAEB2032A5978F300882445 /* Release */ = {
			isa = XCBuildConfiguration;
			buildSettings = {
				ALWAYS_SEARCH_USER_PATHS = NO;
				CLANG_ANALYZER_NONNULL = YES;
				CLANG_ANALYZER_NUMBER_OBJECT_CONVERSION = YES_AGGRESSIVE;
				CLANG_CXX_LANGUAGE_STANDARD = "gnu++20";
				CLANG_ENABLE_MODULES = YES;
				CLANG_ENABLE_OBJC_ARC = YES;
				CLANG_ENABLE_OBJC_WEAK = YES;
				CLANG_WARN_BLOCK_CAPTURE_AUTORELEASING = YES;
				CLANG_WARN_BOOL_CONVERSION = YES;
				CLANG_WARN_COMMA = YES;
				CLANG_WARN_CONSTANT_CONVERSION = YES;
				CLANG_WARN_DEPRECATED_OBJC_IMPLEMENTATIONS = YES;
				CLANG_WARN_DIRECT_OBJC_ISA_USAGE = YES_ERROR;
				CLANG_WARN_DOCUMENTATION_COMMENTS = YES;
				CLANG_WARN_EMPTY_BODY = YES;
				CLANG_WARN_ENUM_CONVERSION = YES;
				CLANG_WARN_INFINITE_RECURSION = YES;
				CLANG_WARN_INT_CONVERSION = YES;
				CLANG_WARN_NON_LITERAL_NULL_CONVERSION = YES;
				CLANG_WARN_OBJC_IMPLICIT_RETAIN_SELF = YES;
				CLANG_WARN_OBJC_LITERAL_CONVERSION = YES;
				CLANG_WARN_OBJC_ROOT_CLASS = YES_ERROR;
				CLANG_WARN_QUOTED_INCLUDE_IN_FRAMEWORK_HEADER = YES;
				CLANG_WARN_RANGE_LOOP_ANALYSIS = YES;
				CLANG_WARN_STRICT_PROTOTYPES = YES;
				CLANG_WARN_SUSPICIOUS_MOVE = YES;
				CLANG_WARN_UNGUARDED_AVAILABILITY = YES_AGGRESSIVE;
				CLANG_WARN_UNREACHABLE_CODE = YES;
				CLANG_WARN__DUPLICATE_METHOD_MATCH = YES;
				COPY_PHASE_STRIP = NO;
				DEBUG_INFORMATION_FORMAT = "dwarf-with-dsym";
				ENABLE_NS_ASSERTIONS = NO;
				ENABLE_STRICT_OBJC_MSGSEND = YES;
				GCC_C_LANGUAGE_STANDARD = gnu11;
				GCC_NO_COMMON_BLOCKS = YES;
				GCC_WARN_64_TO_32_BIT_CONVERSION = YES;
				GCC_WARN_ABOUT_RETURN_TYPE = YES_ERROR;
				GCC_WARN_UNDECLARED_SELECTOR = YES;
				GCC_WARN_UNINITIALIZED_AUTOS = YES_AGGRESSIVE;
				GCC_WARN_UNUSED_FUNCTION = YES;
				GCC_WARN_UNUSED_VARIABLE = YES;
				IPHONEOS_DEPLOYMENT_TARGET = 16.4;
				MTL_ENABLE_DEBUG_INFO = NO;
				MTL_FAST_MATH = YES;
				SDKROOT = iphoneos;
				SWIFT_COMPILATION_MODE = wholemodule;
				SWIFT_OPTIMIZATION_LEVEL = "-O";
				VALIDATE_PRODUCT = YES;
			};
			name = Release;
		};
		FAAEB2052A5978F300882445 /* Debug */ = {
			isa = XCBuildConfiguration;
			baseConfigurationReference = 5753A145351DC37173FDEDF3 /* Pods-SNASA.debug.xcconfig */;
			buildSettings = {
				ASSETCATALOG_COMPILER_APPICON_NAME = AppIcon;
				ASSETCATALOG_COMPILER_GLOBAL_ACCENT_COLOR_NAME = AccentColor;
				CODE_SIGN_STYLE = Automatic;
				CURRENT_PROJECT_VERSION = 1;
				DEVELOPMENT_TEAM = 955DP87LHM;
				GENERATE_INFOPLIST_FILE = YES;
				INFOPLIST_FILE = SNASA/System/Info.plist;
				INFOPLIST_KEY_UIApplicationSupportsIndirectInputEvents = YES;
				INFOPLIST_KEY_UILaunchStoryboardName = LaunchScreen;
				INFOPLIST_KEY_UISupportedInterfaceOrientations_iPad = "UIInterfaceOrientationPortrait UIInterfaceOrientationPortraitUpsideDown UIInterfaceOrientationLandscapeLeft UIInterfaceOrientationLandscapeRight";
				INFOPLIST_KEY_UISupportedInterfaceOrientations_iPhone = "UIInterfaceOrientationPortrait UIInterfaceOrientationLandscapeLeft UIInterfaceOrientationLandscapeRight";
				IPHONEOS_DEPLOYMENT_TARGET = 15.0;
				LD_RUNPATH_SEARCH_PATHS = (
					"$(inherited)",
					"@executable_path/Frameworks",
				);
				MARKETING_VERSION = 1.0;
				PRODUCT_BUNDLE_IDENTIFIER = none.SNASA;
				PRODUCT_NAME = "$(TARGET_NAME)";
				SWIFT_EMIT_LOC_STRINGS = YES;
				SWIFT_VERSION = 5.0;
				TARGETED_DEVICE_FAMILY = "1,2";
			};
			name = Debug;
		};
		FAAEB2062A5978F300882445 /* Release */ = {
			isa = XCBuildConfiguration;
			baseConfigurationReference = CDE9BC681BD53FDF8B306378 /* Pods-SNASA.release.xcconfig */;
			buildSettings = {
				ASSETCATALOG_COMPILER_APPICON_NAME = AppIcon;
				ASSETCATALOG_COMPILER_GLOBAL_ACCENT_COLOR_NAME = AccentColor;
				CODE_SIGN_STYLE = Automatic;
				CURRENT_PROJECT_VERSION = 1;
				DEVELOPMENT_TEAM = 955DP87LHM;
				GENERATE_INFOPLIST_FILE = YES;
				INFOPLIST_FILE = SNASA/System/Info.plist;
				INFOPLIST_KEY_UIApplicationSupportsIndirectInputEvents = YES;
				INFOPLIST_KEY_UILaunchStoryboardName = LaunchScreen;
				INFOPLIST_KEY_UISupportedInterfaceOrientations_iPad = "UIInterfaceOrientationPortrait UIInterfaceOrientationPortraitUpsideDown UIInterfaceOrientationLandscapeLeft UIInterfaceOrientationLandscapeRight";
				INFOPLIST_KEY_UISupportedInterfaceOrientations_iPhone = "UIInterfaceOrientationPortrait UIInterfaceOrientationLandscapeLeft UIInterfaceOrientationLandscapeRight";
				IPHONEOS_DEPLOYMENT_TARGET = 15.0;
				LD_RUNPATH_SEARCH_PATHS = (
					"$(inherited)",
					"@executable_path/Frameworks",
				);
				MARKETING_VERSION = 1.0;
				PRODUCT_BUNDLE_IDENTIFIER = none.SNASA;
				PRODUCT_NAME = "$(TARGET_NAME)";
				SWIFT_EMIT_LOC_STRINGS = YES;
				SWIFT_VERSION = 5.0;
				TARGETED_DEVICE_FAMILY = "1,2";
			};
			name = Release;
		};
/* End XCBuildConfiguration section */

/* Begin XCConfigurationList section */
		FAAEB1EB2A5978F200882445 /* Build configuration list for PBXProject "SNASA" */ = {
			isa = XCConfigurationList;
			buildConfigurations = (
				FAAEB2022A5978F300882445 /* Debug */,
				FAAEB2032A5978F300882445 /* Release */,
			);
			defaultConfigurationIsVisible = 0;
			defaultConfigurationName = Release;
		};
		FAAEB2042A5978F300882445 /* Build configuration list for PBXNativeTarget "SNASA" */ = {
			isa = XCConfigurationList;
			buildConfigurations = (
				FAAEB2052A5978F300882445 /* Debug */,
				FAAEB2062A5978F300882445 /* Release */,
			);
			defaultConfigurationIsVisible = 0;
			defaultConfigurationName = Release;
		};
/* End XCConfigurationList section */
	};
	rootObject = FAAEB1E82A5978F200882445 /* Project object */;
}
